
Microsoft Visual Studio Solution File, Format Version 12.00
# Visual Studio Version 17
VisualStudioVersion = 17.3.32901.215
MinimumVisualStudioVersion = 10.0.40219.1
Project("{FAE04EC0-301F-11D3-BF4B-00C04F79EFBC}") = "WebApplication2", "WebApplication2\WebApplication2.csproj", "{86977887-5EED-470D-92AE-F0AD25BC8E3B}"
EndProject
Global
	GlobalSection(SolutionConfigurationPlatforms) = preSolution
		Debug|Any CPU = Debug|Any CPU
		Release|Any CPU = Release|Any CPU
	EndGlobalSection
	GlobalSection(ProjectConfigurationPlatforms) = postSolution
		{86977887-5EED-470D-92AE-F0AD25BC8E3B}.Debug|Any CPU.ActiveCfg = Debug|Any CPU
		{86977887-5EED-470D-92AE-F0AD25BC8E3B}.Debug|Any CPU.Build.0 = Debug|Any CPU
		{86977887-5EED-470D-92AE-F0AD25BC8E3B}.Release|Any CPU.ActiveCfg = Release|Any CPU
		{86977887-5EED-470D-92AE-F0AD25BC8E3B}.Release|Any CPU.Build.0 = Release|Any CPU
	EndGlobalSection
	GlobalSection(SolutionProperties) = preSolution
		HideSolutionNode = FALSE
	EndGlobalSection
	GlobalSection(ExtensibilityGlobals) = postSolution
		SolutionGuid = {E2622D88-62BC-4F9F-A610-17458DF621CF}
	EndGlobalSection
EndGlobal
